# THIS IS AN AUTOGENERATED FILE. DO NOT EDIT THIS FILE DIRECTLY.
# yarn lockfile v1


"@types/node@^9.6.5":
  version "9.6.47"
  resolved "https://registry.yarnpkg.com/@types/node/-/node-9.6.47.tgz#655b4a1cc52c8ab08f48cc055061990d6846bc97"
  integrity sha512-56wEJWXZs+3XXoTe/OCpdZ6czrONhy+6hT0GdPOb7HvudLTMJ1T5tuZPs37K5cPR5t+J9+vLPFDQgUQ8NWJE1w==

cron@^1.7.0:
  version "1.7.0"
  resolved "https://registry.yarnpkg.com/cron/-/cron-1.7.0.tgz#9102864e0022da7f7475598be7d6110353ff8f96"
  integrity sha512-I7S7ES2KZtKPfBTGJ5Brc6X23apE71fgYU/PC5ayh8R6VhECpqvTLe/LTkwAEN3ERFzNKXlWzh/PkwsGg3vkDQ==
  dependencies:
    moment-timezone "^0.5.x"

dom-walk@^0.1.0:
  version "0.1.1"
  resolved "https://registry.yarnpkg.com/dom-walk/-/dom-walk-0.1.1.tgz#672226dc74c8f799ad35307df936aba11acd6018"
  integrity sha1-ZyIm3HTI95mtNTB9+TaroRrNYBg=

global@^4.3.2:
  version "4.3.2"
  resolved "https://registry.yarnpkg.com/global/-/global-4.3.2.tgz#e76989268a6c74c38908b1305b10fc0e394e9d0f"
  integrity sha1-52mJJopsdMOJCLEwWxD8DjlOnQ8=
  dependencies:
    min-document "^2.19.0"
    process "~0.5.1"

influx@^5.0.0-alpha.4:
  version "5.0.0-alpha.4"
  resolved "https://registry.yarnpkg.com/influx/-/influx-5.0.0-alpha.4.tgz#a4471a499fba08be2daa9f0ccf20a38a7bc631c2"
  integrity sha1-pEcaSZ+6CL4tqp8MzyCjinvGMcI=

min-document@^2.19.0:
  version "2.19.0"
  resolved "https://registry.yarnpkg.com/min-document/-/min-document-2.19.0.tgz#7bd282e3f5842ed295bb748cdd9f1ffa2c824685"
  integrity sha1-e9KC4/WELtKVu3SM3Z8f+iyCRoU=
  dependencies:
    dom-walk "^0.1.0"

moment-timezone@^0.5.x:
  version "0.5.23"
  resolved "https://registry.yarnpkg.com/moment-timezone/-/moment-timezone-0.5.23.tgz#7cbb00db2c14c71b19303cb47b0fb0a6d8651463"
  integrity sha512-WHFH85DkCfiNMDX5D3X7hpNH3/PUhjTGcD0U1SgfBGZxJ3qUmJh5FdvaFjcClxOvB3rzdfj4oRffbI38jEnC1w==
  dependencies:
    moment ">= 2.9.0"

"moment@>= 2.9.0":
  version "2.24.0"
  resolved "https://registry.yarnpkg.com/moment/-/moment-2.24.0.tgz#0d055d53f5052aa653c9f6eb68bb5d12bf5c2b5b"
  integrity sha512-bV7f+6l2QigeBBZSM/6yTNq4P2fNpSWj/0e7jQcy87A8e7o2nAfP/34/2ky5Vw4B9S446EtIhodAzkFCcR4dQg==

process@~0.5.1:
  version "0.5.2"
  resolved "https://registry.yarnpkg.com/process/-/process-0.5.2.tgz#1638d8a8e34c2f440a91db95ab9aeb677fc185cf"
  integrity sha1-FjjYqONML0QKkduVq5rrZ3/Bhc8=

typescript@^2.8.1:
  version "2.9.2"
  resolved "https://registry.yarnpkg.com/typescript/-/typescript-2.9.2.tgz#1cbf61d05d6b96269244eb6a3bce4bd914e0f00c"
  integrity sha512-Gr4p6nFNaoufRIY4NMdpQRNmgxVIGMs4Fcu/ujdYk3nAZqk7supzBE9idmvfZIlH/Cuj//dvi+019qEue9lV0w==

verge-node-typescript@^0.0.17:
  version "0.0.17"
  resolved "https://registry.yarnpkg.com/verge-node-typescript/-/verge-node-typescript-0.0.17.tgz#5b41ecbf1f56cf82b777a75fbd05fbd7d77cf95b"
  integrity sha512-DVdFuRAbW9fkPDsn/lUe5ox1brXVOalqcS/qF8DRUQAh28qoPY7/mPAeGa1x6RrFMSV+Ua6gtWwOb13zB98YDw==
  dependencies:
    "@types/node" "^9.6.5"
    global "^4.3.2"
    typescript "^2.8.1"
